<?xml version="1.0" encoding="utf-8"?>
<Project ToolsVersion="4.0" xmlns="http://schemas.microsoft.com/developer/msbuild/2003">
  <ItemGroup>
    <ClCompile Include="WinMain.cpp" />
    <ClCompile Include="D3dUtility\D3dUtility.cpp">
      <Filter>D3dUtility</Filter>
    </ClCompile>
    <ClCompile Include="D3dUtility\D3dApp.cpp">
      <Filter>D3dUtility</Filter>
    </ClCompile>
    <ClCompile Include="D3dUtility\Effect.cpp">
      <Filter>D3dUtility</Filter>
    </ClCompile>
    <ClCompile Include="D3dUtility\Vertex.cpp">
      <Filter>D3dUtility</Filter>
    </ClCompile>
    <ClCompile Include="D3dUtility\LightHelper.cpp">
      <Filter>D3dUtility</Filter>
    </ClCompile>
    <ClCompile Include="D3dUtility\GeometryGenerator.cpp">
      <Filter>D3dUtility</Filter>
    </ClCompile>
    <ClCompile Include="D3dUtility\RenderStates.cpp">
      <Filter>D3dUtility</Filter>
    </ClCompile>
    <ClCompile Include="ObjectManager\BaseObject.cpp">
      <Filter>ObjectManager</Filter>
    </ClCompile>
    <ClCompile Include="ObjectManager\Land.cpp">
      <Filter>ObjectManager</Filter>
    </ClCompile>
    <ClCompile Include="ObjectManager\Box.cpp">
      <Filter>ObjectManager</Filter>
    </ClCompile>
    <ClCompile Include="D3dUtility\MathHelper.cpp">
      <Filter>D3dUtility</Filter>
    </ClCompile>
    <ClCompile Include="ObjectManager\Water.cpp">
      <Filter>ObjectManager</Filter>
    </ClCompile>
    <ClCompile Include="D3dUtility\LightManager.cpp">
      <Filter>D3dUtility</Filter>
    </ClCompile>
  </ItemGroup>
  <ItemGroup>
    <Filter Include="D3dUtility">
      <UniqueIdentifier>{1fa3581d-e691-496e-becc-b16cf6196e9f}</UniqueIdentifier>
    </Filter>
    <Filter Include="Resource">
      <UniqueIdentifier>{83ff8647-fb84-4b87-855e-12f5d9fcf394}</UniqueIdentifier>
    </Filter>
    <Filter Include="Resource\FX">
      <UniqueIdentifier>{4edf3046-dced-48ea-9729-8a1c2e4d82d5}</UniqueIdentifier>
    </Filter>
    <Filter Include="ObjectManager">
      <UniqueIdentifier>{877a17ab-ad46-4579-b074-ac4eb8fe345c}</UniqueIdentifier>
    </Filter>
  </ItemGroup>
  <ItemGroup>
    <ClInclude Include="D3dUtility\D3dUtility.h">
      <Filter>D3dUtility</Filter>
    </ClInclude>
    <ClInclude Include="WinMain.h" />
    <ClInclude Include="D3dUtility\D3dApp.h">
      <Filter>D3dUtility</Filter>
    </ClInclude>
    <ClInclude Include="D3dUtility\Effect.h">
      <Filter>D3dUtility</Filter>
    </ClInclude>
    <ClInclude Include="D3dUtility\Vertex.h">
      <Filter>D3dUtility</Filter>
    </ClInclude>
    <ClInclude Include="D3dUtility\LightHelper.h">
      <Filter>D3dUtility</Filter>
    </ClInclude>
    <ClInclude Include="D3dUtility\MathHelper.h">
      <Filter>D3dUtility</Filter>
    </ClInclude>
    <ClInclude Include="D3dUtility\GeometryGenerator.h">
      <Filter>D3dUtility</Filter>
    </ClInclude>
    <ClInclude Include="D3dUtility\RenderStates.h">
      <Filter>D3dUtility</Filter>
    </ClInclude>
    <ClInclude Include="ObjectManager\BaseObject.h">
      <Filter>ObjectManager</Filter>
    </ClInclude>
    <ClInclude Include="ObjectManager\Land.h">
      <Filter>ObjectManager</Filter>
    </ClInclude>
    <ClInclude Include="ObjectManager\Box.h">
      <Filter>ObjectManager</Filter>
    </ClInclude>
    <ClInclude Include="ObjectManager\Water.h">
      <Filter>ObjectManager</Filter>
    </ClInclude>
    <ClInclude Include="D3dUtility\LightManager.h">
      <Filter>D3dUtility</Filter>
    </ClInclude>
  </ItemGroup>
  <ItemGroup>
    <CustomBuild Include="Resource\FX\Basic.fx">
      <Filter>Resource\FX</Filter>
    </CustomBuild>
    <CustomBuild Include="Resource\FX\LightHelper.fx">
      <Filter>Resource\FX</Filter>
    </CustomBuild>
  </ItemGroup>
</Project>